
Microsoft Visual Studio Solution File, Format Version 12.00
# Visual Studio Version 17
VisualStudioVersion = 17.13.35919.96 d17.13
MinimumVisualStudioVersion = 10.0.40219.1
Project("{FAE04EC0-301F-11D3-BF4B-00C04F79EFBC}") = "AMET", "AMET\AMET.csproj", "{B05AF551-2EDD-464D-84A1-1780C1381F29}"
EndProject
Global
	GlobalSection(SolutionConfigurationPlatforms) = preSolution
		Debug|Any CPU = Debug|Any CPU
		Release|Any CPU = Release|Any CPU
	EndGlobalSection
	GlobalSection(ProjectConfigurationPlatforms) = postSolution
		{B05AF551-2EDD-464D-84A1-1780C1381F29}.Debug|Any CPU.ActiveCfg = Debug|Any CPU
		{B05AF551-2EDD-464D-84A1-1780C1381F29}.Debug|Any CPU.Build.0 = Debug|Any CPU
		{B05AF551-2EDD-464D-84A1-1780C1381F29}.Release|Any CPU.ActiveCfg = Release|Any CPU
		{B05AF551-2EDD-464D-84A1-1780C1381F29}.Release|Any CPU.Build.0 = Release|Any CPU
	EndGlobalSection
	GlobalSection(SolutionProperties) = preSolution
		HideSolutionNode = FALSE
	EndGlobalSection
	GlobalSection(ExtensibilityGlobals) = postSolution
		SolutionGuid = {45BF4BB7-F25F-46D2-92D0-3BDF8DFE49F0}
	EndGlobalSection
EndGlobal
